
Microsoft Visual Studio Solution File, Format Version 12.00
# Visual Studio 15
VisualStudioVersion = 15.0.25807.0
MinimumVisualStudioVersion = 10.0.40219.1
Project("{2150E333-8FDC-42A3-9474-1A3956D46DE8}") = "Engine", "Engine", "{E4572B19-3B8E-4706-9056-0DCC19E42C5A}"
EndProject
Project("{2150E333-8FDC-42A3-9474-1A3956D46DE8}") = "Games", "Games", "{E398799A-92B2-4126-9502-5C114C8993DF}"
EndProject
Project("{8BC9CEB8-8B4A-11D0-8D11-00A0C91BC942}") = "UE4", "Intermediate\ProjectFiles\UE4.vcxproj", "{302B4584-884F-4F06-B168-E76702AA220D}"
EndProject
Project("{8BC9CEB8-8B4A-11D0-8D11-00A0C91BC942}") = "ShooterProject", "Intermediate\ProjectFiles\ShooterProject.vcxproj", "{AE90D058-B5A4-4015-88B9-A29BF2E78519}"
EndProject
Global
	GlobalSection(SolutionConfigurationPlatforms) = preSolution
		DebugGame Editor|HTML5 = DebugGame Editor|HTML5
		DebugGame Editor|Win32 = DebugGame Editor|Win32
		DebugGame Editor|Win64 = DebugGame Editor|Win64
		DebugGame|HTML5 = DebugGame|HTML5
		DebugGame|Win32 = DebugGame|Win32
		DebugGame|Win64 = DebugGame|Win64
		Development Editor|HTML5 = Development Editor|HTML5
		Development Editor|Win32 = Development Editor|Win32
		Development Editor|Win64 = Development Editor|Win64
		Development|HTML5 = Development|HTML5
		Development|Win32 = Development|Win32
		Development|Win64 = Development|Win64
		Shipping|HTML5 = Shipping|HTML5
		Shipping|Win32 = Shipping|Win32
		Shipping|Win64 = Shipping|Win64
	EndGlobalSection
	GlobalSection(ProjectConfigurationPlatforms) = postSolution
		{302B4584-884F-4F06-B168-E76702AA220D}.DebugGame Editor|HTML5.ActiveCfg = BuiltWithUnrealBuildTool|Win32
		{302B4584-884F-4F06-B168-E76702AA220D}.DebugGame Editor|HTML5.Build.0 = BuiltWithUnrealBuildTool|Win32
		{302B4584-884F-4F06-B168-E76702AA220D}.DebugGame Editor|Win32.ActiveCfg = BuiltWithUnrealBuildTool|Win32
		{302B4584-884F-4F06-B168-E76702AA220D}.DebugGame Editor|Win32.Build.0 = BuiltWithUnrealBuildTool|Win32
		{302B4584-884F-4F06-B168-E76702AA220D}.DebugGame Editor|Win64.ActiveCfg = BuiltWithUnrealBuildTool|Win32
		{302B4584-884F-4F06-B168-E76702AA220D}.DebugGame Editor|Win64.Build.0 = BuiltWithUnrealBuildTool|Win32
		{302B4584-884F-4F06-B168-E76702AA220D}.DebugGame|HTML5.ActiveCfg = BuiltWithUnrealBuildTool|Win32
		{302B4584-884F-4F06-B168-E76702AA220D}.DebugGame|HTML5.Build.0 = BuiltWithUnrealBuildTool|Win32
		{302B4584-884F-4F06-B168-E76702AA220D}.DebugGame|Win32.ActiveCfg = BuiltWithUnrealBuildTool|Win32
		{302B4584-884F-4F06-B168-E76702AA220D}.DebugGame|Win32.Build.0 = BuiltWithUnrealBuildTool|Win32
		{302B4584-884F-4F06-B168-E76702AA220D}.DebugGame|Win64.ActiveCfg = BuiltWithUnrealBuildTool|Win32
		{302B4584-884F-4F06-B168-E76702AA220D}.DebugGame|Win64.Build.0 = BuiltWithUnrealBuildTool|Win32
		{302B4584-884F-4F06-B168-E76702AA220D}.Development Editor|HTML5.ActiveCfg = BuiltWithUnrealBuildTool|Win32
		{302B4584-884F-4F06-B168-E76702AA220D}.Development Editor|HTML5.Build.0 = BuiltWithUnrealBuildTool|Win32
		{302B4584-884F-4F06-B168-E76702AA220D}.Development Editor|Win32.ActiveCfg = BuiltWithUnrealBuildTool|Win32
		{302B4584-884F-4F06-B168-E76702AA220D}.Development Editor|Win32.Build.0 = BuiltWithUnrealBuildTool|Win32
		{302B4584-884F-4F06-B168-E76702AA220D}.Development Editor|Win64.ActiveCfg = BuiltWithUnrealBuildTool|Win32
		{302B4584-884F-4F06-B168-E76702AA220D}.Development Editor|Win64.Build.0 = BuiltWithUnrealBuildTool|Win32
		{302B4584-884F-4F06-B168-E76702AA220D}.Development|HTML5.ActiveCfg = BuiltWithUnrealBuildTool|Win32
		{302B4584-884F-4F06-B168-E76702AA220D}.Development|HTML5.Build.0 = BuiltWithUnrealBuildTool|Win32
		{302B4584-884F-4F06-B168-E76702AA220D}.Development|Win32.ActiveCfg = BuiltWithUnrealBuildTool|Win32
		{302B4584-884F-4F06-B168-E76702AA220D}.Development|Win32.Build.0 = BuiltWithUnrealBuildTool|Win32
		{302B4584-884F-4F06-B168-E76702AA220D}.Development|Win64.ActiveCfg = BuiltWithUnrealBuildTool|Win32
		{302B4584-884F-4F06-B168-E76702AA220D}.Development|Win64.Build.0 = BuiltWithUnrealBuildTool|Win32
		{302B4584-884F-4F06-B168-E76702AA220D}.Shipping|HTML5.ActiveCfg = BuiltWithUnrealBuildTool|Win32
		{302B4584-884F-4F06-B168-E76702AA220D}.Shipping|HTML5.Build.0 = BuiltWithUnrealBuildTool|Win32
		{302B4584-884F-4F06-B168-E76702AA220D}.Shipping|Win32.ActiveCfg = BuiltWithUnrealBuildTool|Win32
		{302B4584-884F-4F06-B168-E76702AA220D}.Shipping|Win32.Build.0 = BuiltWithUnrealBuildTool|Win32
		{302B4584-884F-4F06-B168-E76702AA220D}.Shipping|Win64.ActiveCfg = BuiltWithUnrealBuildTool|Win32
		{302B4584-884F-4F06-B168-E76702AA220D}.Shipping|Win64.Build.0 = BuiltWithUnrealBuildTool|Win32
		{AE90D058-B5A4-4015-88B9-A29BF2E78519}.DebugGame Editor|HTML5.ActiveCfg = HTML5_DebugGame_Editor|Win32
		{AE90D058-B5A4-4015-88B9-A29BF2E78519}.DebugGame Editor|Win32.ActiveCfg = DebugGame_Editor|Win32
		{AE90D058-B5A4-4015-88B9-A29BF2E78519}.DebugGame Editor|Win64.ActiveCfg = DebugGame_Editor|x64
		{AE90D058-B5A4-4015-88B9-A29BF2E78519}.DebugGame Editor|Win64.Build.0 = DebugGame_Editor|x64
		{AE90D058-B5A4-4015-88B9-A29BF2E78519}.DebugGame|HTML5.ActiveCfg = HTML5_DebugGame_Game|Win32
		{AE90D058-B5A4-4015-88B9-A29BF2E78519}.DebugGame|HTML5.Build.0 = HTML5_DebugGame_Game|Win32
		{AE90D058-B5A4-4015-88B9-A29BF2E78519}.DebugGame|Win32.ActiveCfg = DebugGame_Game|Win32
		{AE90D058-B5A4-4015-88B9-A29BF2E78519}.DebugGame|Win32.Build.0 = DebugGame_Game|Win32
		{AE90D058-B5A4-4015-88B9-A29BF2E78519}.DebugGame|Win64.ActiveCfg = DebugGame_Game|x64
		{AE90D058-B5A4-4015-88B9-A29BF2E78519}.DebugGame|Win64.Build.0 = DebugGame_Game|x64
		{AE90D058-B5A4-4015-88B9-A29BF2E78519}.Development Editor|HTML5.ActiveCfg = HTML5_Development_Editor|Win32
		{AE90D058-B5A4-4015-88B9-A29BF2E78519}.Development Editor|Win32.ActiveCfg = Development_Editor|Win32
		{AE90D058-B5A4-4015-88B9-A29BF2E78519}.Development Editor|Win64.ActiveCfg = Development_Editor|x64
		{AE90D058-B5A4-4015-88B9-A29BF2E78519}.Development Editor|Win64.Build.0 = Development_Editor|x64
		{AE90D058-B5A4-4015-88B9-A29BF2E78519}.Development|HTML5.ActiveCfg = HTML5_Development_Game|Win32
		{AE90D058-B5A4-4015-88B9-A29BF2E78519}.Development|HTML5.Build.0 = HTML5_Development_Game|Win32
		{AE90D058-B5A4-4015-88B9-A29BF2E78519}.Development|Win32.ActiveCfg = Development_Game|Win32
		{AE90D058-B5A4-4015-88B9-A29BF2E78519}.Development|Win32.Build.0 = Development_Game|Win32
		{AE90D058-B5A4-4015-88B9-A29BF2E78519}.Development|Win64.ActiveCfg = Development_Game|x64
		{AE90D058-B5A4-4015-88B9-A29BF2E78519}.Development|Win64.Build.0 = Development_Game|x64
		{AE90D058-B5A4-4015-88B9-A29BF2E78519}.Shipping|HTML5.ActiveCfg = HTML5_Shipping_Game|Win32
		{AE90D058-B5A4-4015-88B9-A29BF2E78519}.Shipping|HTML5.Build.0 = HTML5_Shipping_Game|Win32
		{AE90D058-B5A4-4015-88B9-A29BF2E78519}.Shipping|Win32.ActiveCfg = Shipping_Game|Win32
		{AE90D058-B5A4-4015-88B9-A29BF2E78519}.Shipping|Win32.Build.0 = Shipping_Game|Win32
		{AE90D058-B5A4-4015-88B9-A29BF2E78519}.Shipping|Win64.ActiveCfg = Shipping_Game|x64
		{AE90D058-B5A4-4015-88B9-A29BF2E78519}.Shipping|Win64.Build.0 = Shipping_Game|x64
	EndGlobalSection
	GlobalSection(SolutionProperties) = preSolution
		HideSolutionNode = FALSE
	EndGlobalSection
	GlobalSection(NestedProjects) = preSolution
		{302B4584-884F-4F06-B168-E76702AA220D} = {E4572B19-3B8E-4706-9056-0DCC19E42C5A}
		{AE90D058-B5A4-4015-88B9-A29BF2E78519} = {E398799A-92B2-4126-9502-5C114C8993DF}
	EndGlobalSection
	GlobalSection(ExtensibilityGlobals) = postSolution
		SolutionGuid = {C2037A0E-1406-4426-8754-929398C86362}
	EndGlobalSection
EndGlobal
